
Microsoft Visual Studio Solution File, Format Version 12.00
# Visual Studio Version 17
VisualStudioVersion = 17.6.33801.468
MinimumVisualStudioVersion = 10.0.40219.1
Project("{FAE04EC0-301F-11D3-BF4B-00C04F79EFBC}") = "Content", "Content\Content.csproj", "{841E43D7-9AC1-4788-A0B4-91B2D855096E}"
EndProject
Project("{FAE04EC0-301F-11D3-BF4B-00C04F79EFBC}") = "CarSandboxGame", "CarSandboxGame\CarSandboxGame.csproj", "{F9B28B9D-C22F-462B-ACA7-CDAA857758CF}"
EndProject
Project("{FAE04EC0-301F-11D3-BF4B-00C04F79EFBC}") = "CarSandboxGame.Android", "CarSandboxGame.Android\CarSandboxGame.Android.csproj", "{B1985645-A399-43BB-9821-37864231BA95}"
EndProject
Project("{FAE04EC0-301F-11D3-BF4B-00C04F79EFBC}") = "CarSandboxGame.Desktop", "CarSandboxGame.Desktop\CarSandboxGame.Desktop.csproj", "{86F01BB0-6FC4-4A8C-80F7-178977E7063B}"
EndProject
Project("{FAE04EC0-301F-11D3-BF4B-00C04F79EFBC}") = "CarSandboxGame.Tests", "CarSandboxGame.Tests\CarSandboxGame.Tests.csproj", "{BCF99AE1-6348-4679-AFDC-2451D0C0BD92}"
EndProject
Project("{FAE04EC0-301F-11D3-BF4B-00C04F79EFBC}") = "CarSandboxGame.UWP", "CarSandboxGame.UWP\CarSandboxGame.UWP.csproj", "{C664EAD2-E014-4B1E-9022-40D1CD6E1C4B}"
EndProject
Global
	GlobalSection(SolutionConfigurationPlatforms) = preSolution
		Debug|Any CPU = Debug|Any CPU
		Debug|ARM64 = Debug|ARM64
		Debug|x64 = Debug|x64
		Release|Any CPU = Release|Any CPU
		Release|ARM64 = Release|ARM64
		Release|x64 = Release|x64
	EndGlobalSection
	GlobalSection(ProjectConfigurationPlatforms) = postSolution
		{841E43D7-9AC1-4788-A0B4-91B2D855096E}.Debug|Any CPU.ActiveCfg = Debug|Any CPU
		{841E43D7-9AC1-4788-A0B4-91B2D855096E}.Debug|Any CPU.Build.0 = Debug|Any CPU
		{841E43D7-9AC1-4788-A0B4-91B2D855096E}.Debug|ARM64.ActiveCfg = Debug|Any CPU
		{841E43D7-9AC1-4788-A0B4-91B2D855096E}.Debug|ARM64.Build.0 = Debug|Any CPU
		{841E43D7-9AC1-4788-A0B4-91B2D855096E}.Debug|x64.ActiveCfg = Debug|Any CPU
		{841E43D7-9AC1-4788-A0B4-91B2D855096E}.Debug|x64.Build.0 = Debug|Any CPU
		{841E43D7-9AC1-4788-A0B4-91B2D855096E}.Release|Any CPU.ActiveCfg = Release|Any CPU
		{841E43D7-9AC1-4788-A0B4-91B2D855096E}.Release|Any CPU.Build.0 = Release|Any CPU
		{841E43D7-9AC1-4788-A0B4-91B2D855096E}.Release|ARM64.ActiveCfg = Release|Any CPU
		{841E43D7-9AC1-4788-A0B4-91B2D855096E}.Release|ARM64.Build.0 = Release|Any CPU
		{841E43D7-9AC1-4788-A0B4-91B2D855096E}.Release|x64.ActiveCfg = Release|Any CPU
		{841E43D7-9AC1-4788-A0B4-91B2D855096E}.Release|x64.Build.0 = Release|Any CPU
		{F9B28B9D-C22F-462B-ACA7-CDAA857758CF}.Debug|Any CPU.ActiveCfg = Debug|Any CPU
		{F9B28B9D-C22F-462B-ACA7-CDAA857758CF}.Debug|Any CPU.Build.0 = Debug|Any CPU
		{F9B28B9D-C22F-462B-ACA7-CDAA857758CF}.Debug|ARM64.ActiveCfg = Debug|Any CPU
		{F9B28B9D-C22F-462B-ACA7-CDAA857758CF}.Debug|ARM64.Build.0 = Debug|Any CPU
		{F9B28B9D-C22F-462B-ACA7-CDAA857758CF}.Debug|x64.ActiveCfg = Debug|Any CPU
		{F9B28B9D-C22F-462B-ACA7-CDAA857758CF}.Debug|x64.Build.0 = Debug|Any CPU
		{F9B28B9D-C22F-462B-ACA7-CDAA857758CF}.Release|Any CPU.ActiveCfg = Release|Any CPU
		{F9B28B9D-C22F-462B-ACA7-CDAA857758CF}.Release|Any CPU.Build.0 = Release|Any CPU
		{F9B28B9D-C22F-462B-ACA7-CDAA857758CF}.Release|ARM64.ActiveCfg = Release|Any CPU
		{F9B28B9D-C22F-462B-ACA7-CDAA857758CF}.Release|ARM64.Build.0 = Release|Any CPU
		{F9B28B9D-C22F-462B-ACA7-CDAA857758CF}.Release|x64.ActiveCfg = Release|Any CPU
		{F9B28B9D-C22F-462B-ACA7-CDAA857758CF}.Release|x64.Build.0 = Release|Any CPU
		{B1985645-A399-43BB-9821-37864231BA95}.Debug|Any CPU.ActiveCfg = Debug|Any CPU
		{B1985645-A399-43BB-9821-37864231BA95}.Debug|Any CPU.Build.0 = Debug|Any CPU
		{B1985645-A399-43BB-9821-37864231BA95}.Debug|Any CPU.Deploy.0 = Debug|Any CPU
		{B1985645-A399-43BB-9821-37864231BA95}.Debug|ARM64.ActiveCfg = Debug|Any CPU
		{B1985645-A399-43BB-9821-37864231BA95}.Debug|ARM64.Build.0 = Debug|Any CPU
		{B1985645-A399-43BB-9821-37864231BA95}.Debug|ARM64.Deploy.0 = Debug|Any CPU
		{B1985645-A399-43BB-9821-37864231BA95}.Debug|x64.ActiveCfg = Debug|Any CPU
		{B1985645-A399-43BB-9821-37864231BA95}.Debug|x64.Build.0 = Debug|Any CPU
		{B1985645-A399-43BB-9821-37864231BA95}.Debug|x64.Deploy.0 = Debug|Any CPU
		{B1985645-A399-43BB-9821-37864231BA95}.Release|Any CPU.ActiveCfg = Release|Any CPU
		{B1985645-A399-43BB-9821-37864231BA95}.Release|Any CPU.Build.0 = Release|Any CPU
		{B1985645-A399-43BB-9821-37864231BA95}.Release|Any CPU.Deploy.0 = Release|Any CPU
		{B1985645-A399-43BB-9821-37864231BA95}.Release|ARM64.ActiveCfg = Release|Any CPU
		{B1985645-A399-43BB-9821-37864231BA95}.Release|ARM64.Build.0 = Release|Any CPU
		{B1985645-A399-43BB-9821-37864231BA95}.Release|ARM64.Deploy.0 = Release|Any CPU
		{B1985645-A399-43BB-9821-37864231BA95}.Release|x64.ActiveCfg = Release|Any CPU
		{B1985645-A399-43BB-9821-37864231BA95}.Release|x64.Build.0 = Release|Any CPU
		{B1985645-A399-43BB-9821-37864231BA95}.Release|x64.Deploy.0 = Release|Any CPU
		{86F01BB0-6FC4-4A8C-80F7-178977E7063B}.Debug|Any CPU.ActiveCfg = Debug|Any CPU
		{86F01BB0-6FC4-4A8C-80F7-178977E7063B}.Debug|Any CPU.Build.0 = Debug|Any CPU
		{86F01BB0-6FC4-4A8C-80F7-178977E7063B}.Debug|ARM64.ActiveCfg = Debug|Any CPU
		{86F01BB0-6FC4-4A8C-80F7-178977E7063B}.Debug|ARM64.Build.0 = Debug|Any CPU
		{86F01BB0-6FC4-4A8C-80F7-178977E7063B}.Debug|x64.ActiveCfg = Debug|Any CPU
		{86F01BB0-6FC4-4A8C-80F7-178977E7063B}.Debug|x64.Build.0 = Debug|Any CPU
		{86F01BB0-6FC4-4A8C-80F7-178977E7063B}.Release|Any CPU.ActiveCfg = Release|Any CPU
		{86F01BB0-6FC4-4A8C-80F7-178977E7063B}.Release|Any CPU.Build.0 = Release|Any CPU
		{86F01BB0-6FC4-4A8C-80F7-178977E7063B}.Release|ARM64.ActiveCfg = Release|Any CPU
		{86F01BB0-6FC4-4A8C-80F7-178977E7063B}.Release|ARM64.Build.0 = Release|Any CPU
		{86F01BB0-6FC4-4A8C-80F7-178977E7063B}.Release|x64.ActiveCfg = Release|Any CPU
		{86F01BB0-6FC4-4A8C-80F7-178977E7063B}.Release|x64.Build.0 = Release|Any CPU
		{BCF99AE1-6348-4679-AFDC-2451D0C0BD92}.Debug|Any CPU.ActiveCfg = Debug|Any CPU
		{BCF99AE1-6348-4679-AFDC-2451D0C0BD92}.Debug|Any CPU.Build.0 = Debug|Any CPU
		{BCF99AE1-6348-4679-AFDC-2451D0C0BD92}.Debug|ARM64.ActiveCfg = Debug|Any CPU
		{BCF99AE1-6348-4679-AFDC-2451D0C0BD92}.Debug|ARM64.Build.0 = Debug|Any CPU
		{BCF99AE1-6348-4679-AFDC-2451D0C0BD92}.Debug|x64.ActiveCfg = Debug|Any CPU
		{BCF99AE1-6348-4679-AFDC-2451D0C0BD92}.Debug|x64.Build.0 = Debug|Any CPU
		{BCF99AE1-6348-4679-AFDC-2451D0C0BD92}.Release|Any CPU.ActiveCfg = Release|Any CPU
		{BCF99AE1-6348-4679-AFDC-2451D0C0BD92}.Release|Any CPU.Build.0 = Release|Any CPU
		{BCF99AE1-6348-4679-AFDC-2451D0C0BD92}.Release|ARM64.ActiveCfg = Release|Any CPU
		{BCF99AE1-6348-4679-AFDC-2451D0C0BD92}.Release|ARM64.Build.0 = Release|Any CPU
		{BCF99AE1-6348-4679-AFDC-2451D0C0BD92}.Release|x64.ActiveCfg = Release|Any CPU
		{BCF99AE1-6348-4679-AFDC-2451D0C0BD92}.Release|x64.Build.0 = Release|Any CPU
		{C664EAD2-E014-4B1E-9022-40D1CD6E1C4B}.Debug|Any CPU.ActiveCfg = Debug|Any CPU
		{C664EAD2-E014-4B1E-9022-40D1CD6E1C4B}.Debug|Any CPU.Build.0 = Debug|Any CPU
		{C664EAD2-E014-4B1E-9022-40D1CD6E1C4B}.Debug|Any CPU.Deploy.0 = Debug|Any CPU
		{C664EAD2-E014-4B1E-9022-40D1CD6E1C4B}.Debug|ARM64.ActiveCfg = Debug|ARM64
		{C664EAD2-E014-4B1E-9022-40D1CD6E1C4B}.Debug|ARM64.Build.0 = Debug|ARM64
		{C664EAD2-E014-4B1E-9022-40D1CD6E1C4B}.Debug|ARM64.Deploy.0 = Debug|ARM64
		{C664EAD2-E014-4B1E-9022-40D1CD6E1C4B}.Debug|x64.ActiveCfg = Debug|x64
		{C664EAD2-E014-4B1E-9022-40D1CD6E1C4B}.Debug|x64.Build.0 = Debug|x64
		{C664EAD2-E014-4B1E-9022-40D1CD6E1C4B}.Debug|x64.Deploy.0 = Debug|x64
		{C664EAD2-E014-4B1E-9022-40D1CD6E1C4B}.Release|Any CPU.ActiveCfg = Release|Any CPU
		{C664EAD2-E014-4B1E-9022-40D1CD6E1C4B}.Release|Any CPU.Build.0 = Release|Any CPU
		{C664EAD2-E014-4B1E-9022-40D1CD6E1C4B}.Release|Any CPU.Deploy.0 = Release|Any CPU
		{C664EAD2-E014-4B1E-9022-40D1CD6E1C4B}.Release|ARM64.ActiveCfg = Release|ARM64
		{C664EAD2-E014-4B1E-9022-40D1CD6E1C4B}.Release|ARM64.Build.0 = Release|ARM64
		{C664EAD2-E014-4B1E-9022-40D1CD6E1C4B}.Release|ARM64.Deploy.0 = Release|ARM64
		{C664EAD2-E014-4B1E-9022-40D1CD6E1C4B}.Release|x64.ActiveCfg = Release|x64
		{C664EAD2-E014-4B1E-9022-40D1CD6E1C4B}.Release|x64.Build.0 = Release|x64
		{C664EAD2-E014-4B1E-9022-40D1CD6E1C4B}.Release|x64.Deploy.0 = Release|x64
	EndGlobalSection
	GlobalSection(SolutionProperties) = preSolution
		HideSolutionNode = FALSE
	EndGlobalSection
	GlobalSection(ExtensibilityGlobals) = postSolution
		SolutionGuid = {747E81A9-3D75-4B15-827D-A3A3E9D76F23}
	EndGlobalSection
EndGlobal
